
Microsoft Visual Studio Solution File, Format Version 12.00
# Visual Studio Version 17
VisualStudioVersion = 17.5.2.0
MinimumVisualStudioVersion = 10.0.40219.1
Project("{2150E333-8FDC-42A3-9474-1A3956D46DE8}") = "src", "src", "{827E0CD3-B72D-47B6-A68D-7590B98EB39B}"
EndProject
Project("{FAE04EC0-301F-11D3-BF4B-00C04F79EFBC}") = "AWise.AiExtensionsForVertexAi", "src\AWise.AiExtensionsForVertexAi\AWise.AiExtensionsForVertexAi.csproj", "{58A541DF-33F3-E50B-A84A-4EAF025DCF67}"
EndProject
Project("{FAE04EC0-301F-11D3-BF4B-00C04F79EFBC}") = "TestProgram", "src\TestProgram\TestProgram.csproj", "{2AC887A2-AB49-4994-B4EE-BC83429C0471}"
EndProject
Global
	GlobalSection(SolutionConfigurationPlatforms) = preSolution
		Debug|Any CPU = Debug|Any CPU
		Release|Any CPU = Release|Any CPU
	EndGlobalSection
	GlobalSection(ProjectConfigurationPlatforms) = postSolution
		{58A541DF-33F3-E50B-A84A-4EAF025DCF67}.Debug|Any CPU.ActiveCfg = Debug|Any CPU
		{58A541DF-33F3-E50B-A84A-4EAF025DCF67}.Debug|Any CPU.Build.0 = Debug|Any CPU
		{58A541DF-33F3-E50B-A84A-4EAF025DCF67}.Release|Any CPU.ActiveCfg = Release|Any CPU
		{58A541DF-33F3-E50B-A84A-4EAF025DCF67}.Release|Any CPU.Build.0 = Release|Any CPU
		{2AC887A2-AB49-4994-B4EE-BC83429C0471}.Debug|Any CPU.ActiveCfg = Debug|Any CPU
		{2AC887A2-AB49-4994-B4EE-BC83429C0471}.Debug|Any CPU.Build.0 = Debug|Any CPU
		{2AC887A2-AB49-4994-B4EE-BC83429C0471}.Release|Any CPU.ActiveCfg = Release|Any CPU
		{2AC887A2-AB49-4994-B4EE-BC83429C0471}.Release|Any CPU.Build.0 = Release|Any CPU
	EndGlobalSection
	GlobalSection(SolutionProperties) = preSolution
		HideSolutionNode = FALSE
	EndGlobalSection
	GlobalSection(NestedProjects) = preSolution
		{58A541DF-33F3-E50B-A84A-4EAF025DCF67} = {827E0CD3-B72D-47B6-A68D-7590B98EB39B}
		{2AC887A2-AB49-4994-B4EE-BC83429C0471} = {827E0CD3-B72D-47B6-A68D-7590B98EB39B}
	EndGlobalSection
	GlobalSection(ExtensibilityGlobals) = postSolution
		SolutionGuid = {5E0C517B-97EC-42FF-B520-9ED95E121460}
	EndGlobalSection
EndGlobal
